
Microsoft Visual Studio Solution File, Format Version 12.00
# Visual Studio 15
VisualStudioVersion = 15.0.33423.255
MinimumVisualStudioVersion = 10.0.40219.1
Project("{FAE04EC0-301F-11D3-BF4B-00C04F79EFBC}") = "DatosEmpleadosGUI", "DatosEmpleadosGUI\DatosEmpleadosGUI.csproj", "{F5D04CC7-C2EF-4443-B166-B7964ECFC7C4}"
EndProject
Global
	GlobalSection(SolutionConfigurationPlatforms) = preSolution
		Debug|Any CPU = Debug|Any CPU
		Release|Any CPU = Release|Any CPU
	EndGlobalSection
	GlobalSection(ProjectConfigurationPlatforms) = postSolution
		{F5D04CC7-C2EF-4443-B166-B7964ECFC7C4}.Debug|Any CPU.ActiveCfg = Debug|Any CPU
		{F5D04CC7-C2EF-4443-B166-B7964ECFC7C4}.Debug|Any CPU.Build.0 = Debug|Any CPU
		{F5D04CC7-C2EF-4443-B166-B7964ECFC7C4}.Release|Any CPU.ActiveCfg = Release|Any CPU
		{F5D04CC7-C2EF-4443-B166-B7964ECFC7C4}.Release|Any CPU.Build.0 = Release|Any CPU
	EndGlobalSection
	GlobalSection(SolutionProperties) = preSolution
		HideSolutionNode = FALSE
	EndGlobalSection
	GlobalSection(ExtensibilityGlobals) = postSolution
		SolutionGuid = {44389C08-C531-4D8A-ACE2-ED471387FA28}
	EndGlobalSection
EndGlobal
